
Microsoft Visual Studio Solution File, Format Version 12.00
# Visual Studio Version 17
VisualStudioVersion = 17.1.32210.238
MinimumVisualStudioVersion = 10.0.40219.1
Project("{FAE04EC0-301F-11D3-BF4B-00C04F79EFBC}") = "Day1", "Day1\Day1.csproj", "{9DFF4FD9-6364-4852-BB43-F2664F768609}"
EndProject
Global
	GlobalSection(SolutionConfigurationPlatforms) = preSolution
		Debug|Any CPU = Debug|Any CPU
		Release|Any CPU = Release|Any CPU
	EndGlobalSection
	GlobalSection(ProjectConfigurationPlatforms) = postSolution
		{9DFF4FD9-6364-4852-BB43-F2664F768609}.Debug|Any CPU.ActiveCfg = Debug|Any CPU
		{9DFF4FD9-6364-4852-BB43-F2664F768609}.Debug|Any CPU.Build.0 = Debug|Any CPU
		{9DFF4FD9-6364-4852-BB43-F2664F768609}.Release|Any CPU.ActiveCfg = Release|Any CPU
		{9DFF4FD9-6364-4852-BB43-F2664F768609}.Release|Any CPU.Build.0 = Release|Any CPU
	EndGlobalSection
	GlobalSection(SolutionProperties) = preSolution
		HideSolutionNode = FALSE
	EndGlobalSection
	GlobalSection(ExtensibilityGlobals) = postSolution
		SolutionGuid = {E074364E-DA3D-4592-840F-614E4D2488D2}
	EndGlobalSection
EndGlobal
